
Microsoft Visual Studio Solution File, Format Version 12.00
# Visual Studio Version 17
VisualStudioVersion = 17.5.33414.496
MinimumVisualStudioVersion = 10.0.40219.1
Project("{FAE04EC0-301F-11D3-BF4B-00C04F79EFBC}") = "GetTopScorerApps", "GetTopScorerApps.csproj", "{8A33E6FC-5563-483C-A956-A124550E13E1}"
EndProject
Global
	GlobalSection(SolutionConfigurationPlatforms) = preSolution
		Debug|Any CPU = Debug|Any CPU
		Release|Any CPU = Release|Any CPU
	EndGlobalSection
	GlobalSection(ProjectConfigurationPlatforms) = postSolution
		{8A33E6FC-5563-483C-A956-A124550E13E1}.Debug|Any CPU.ActiveCfg = Debug|Any CPU
		{8A33E6FC-5563-483C-A956-A124550E13E1}.Debug|Any CPU.Build.0 = Debug|Any CPU
		{8A33E6FC-5563-483C-A956-A124550E13E1}.Release|Any CPU.ActiveCfg = Release|Any CPU
		{8A33E6FC-5563-483C-A956-A124550E13E1}.Release|Any CPU.Build.0 = Release|Any CPU
	EndGlobalSection
	GlobalSection(SolutionProperties) = preSolution
		HideSolutionNode = FALSE
	EndGlobalSection
	GlobalSection(ExtensibilityGlobals) = postSolution
		SolutionGuid = {363F4852-6A5B-41D8-8B54-FE7F80B68BA4}
	EndGlobalSection
EndGlobal
